
Microsoft Visual Studio Solution File, Format Version 12.00
# Visual Studio 15
VisualStudioVersion = 15.0.28010.2041
MinimumVisualStudioVersion = 10.0.40219.1
Project("{FAE04EC0-301F-11D3-BF4B-00C04F79EFBC}") = "xamarintutorials.Android", "xamarintutorials\xamarintutorials.Android\xamarintutorials.Android.csproj", "{65E9702B-6765-4170-8362-240BA4D2EE6F}"
EndProject
Project("{FAE04EC0-301F-11D3-BF4B-00C04F79EFBC}") = "xamarintutorials.iOS", "xamarintutorials\xamarintutorials.iOS\xamarintutorials.iOS.csproj", "{DBE10A5B-9E88-4608-96E1-ABB73561333A}"
EndProject
Project("{FAE04EC0-301F-11D3-BF4B-00C04F79EFBC}") = "xamarintutorials.UWP", "xamarintutorials\xamarintutorials.UWP\xamarintutorials.UWP.csproj", "{3E0A198F-E5D4-48DA-8966-C3AACA649798}"
EndProject
Project("{FAE04EC0-301F-11D3-BF4B-00C04F79EFBC}") = "xamarintutorials", "xamarintutorials\xamarintutorials\xamarintutorials.csproj", "{82C9EC0D-D69A-4D8D-BF9C-3539ADDDE5E2}"
EndProject
Global
	GlobalSection(SolutionConfigurationPlatforms) = preSolution
		Ad-Hoc|Any CPU = Ad-Hoc|Any CPU
		Ad-Hoc|ARM = Ad-Hoc|ARM
		Ad-Hoc|iPhone = Ad-Hoc|iPhone
		Ad-Hoc|iPhoneSimulator = Ad-Hoc|iPhoneSimulator
		Ad-Hoc|x64 = Ad-Hoc|x64
		Ad-Hoc|x86 = Ad-Hoc|x86
		AppStore|Any CPU = AppStore|Any CPU
		AppStore|ARM = AppStore|ARM
		AppStore|iPhone = AppStore|iPhone
		AppStore|iPhoneSimulator = AppStore|iPhoneSimulator
		AppStore|x64 = AppStore|x64
		AppStore|x86 = AppStore|x86
		Debug|Any CPU = Debug|Any CPU
		Debug|ARM = Debug|ARM
		Debug|iPhone = Debug|iPhone
		Debug|iPhoneSimulator = Debug|iPhoneSimulator
		Debug|x64 = Debug|x64
		Debug|x86 = Debug|x86
		Release|Any CPU = Release|Any CPU
		Release|ARM = Release|ARM
		Release|iPhone = Release|iPhone
		Release|iPhoneSimulator = Release|iPhoneSimulator
		Release|x64 = Release|x64
		Release|x86 = Release|x86
	EndGlobalSection
	GlobalSection(ProjectConfigurationPlatforms) = postSolution
		{65E9702B-6765-4170-8362-240BA4D2EE6F}.Ad-Hoc|Any CPU.ActiveCfg = Release|Any CPU
		{65E9702B-6765-4170-8362-240BA4D2EE6F}.Ad-Hoc|Any CPU.Build.0 = Release|Any CPU
		{65E9702B-6765-4170-8362-240BA4D2EE6F}.Ad-Hoc|Any CPU.Deploy.0 = Release|Any CPU
		{65E9702B-6765-4170-8362-240BA4D2EE6F}.Ad-Hoc|ARM.ActiveCfg = Release|Any CPU
		{65E9702B-6765-4170-8362-240BA4D2EE6F}.Ad-Hoc|ARM.Build.0 = Release|Any CPU
		{65E9702B-6765-4170-8362-240BA4D2EE6F}.Ad-Hoc|ARM.Deploy.0 = Release|Any CPU
		{65E9702B-6765-4170-8362-240BA4D2EE6F}.Ad-Hoc|iPhone.ActiveCfg = Release|Any CPU
		{65E9702B-6765-4170-8362-240BA4D2EE6F}.Ad-Hoc|iPhone.Build.0 = Release|Any CPU
		{65E9702B-6765-4170-8362-240BA4D2EE6F}.Ad-Hoc|iPhone.Deploy.0 = Release|Any CPU
		{65E9702B-6765-4170-8362-240BA4D2EE6F}.Ad-Hoc|iPhoneSimulator.ActiveCfg = Release|Any CPU
		{65E9702B-6765-4170-8362-240BA4D2EE6F}.Ad-Hoc|iPhoneSimulator.Build.0 = Release|Any CPU
		{65E9702B-6765-4170-8362-240BA4D2EE6F}.Ad-Hoc|iPhoneSimulator.Deploy.0 = Release|Any CPU
		{65E9702B-6765-4170-8362-240BA4D2EE6F}.Ad-Hoc|x64.ActiveCfg = Release|Any CPU
		{65E9702B-6765-4170-8362-240BA4D2EE6F}.Ad-Hoc|x64.Build.0 = Release|Any CPU
		{65E9702B-6765-4170-8362-240BA4D2EE6F}.Ad-Hoc|x64.Deploy.0 = Release|Any CPU
		{65E9702B-6765-4170-8362-240BA4D2EE6F}.Ad-Hoc|x86.ActiveCfg = Release|Any CPU
		{65E9702B-6765-4170-8362-240BA4D2EE6F}.Ad-Hoc|x86.Build.0 = Release|Any CPU
		{65E9702B-6765-4170-8362-240BA4D2EE6F}.Ad-Hoc|x86.Deploy.0 = Release|Any CPU
		{65E9702B-6765-4170-8362-240BA4D2EE6F}.AppStore|Any CPU.ActiveCfg = Release|Any CPU
		{65E9702B-6765-4170-8362-240BA4D2EE6F}.AppStore|Any CPU.Build.0 = Release|Any CPU
		{65E9702B-6765-4170-8362-240BA4D2EE6F}.AppStore|Any CPU.Deploy.0 = Release|Any CPU
		{65E9702B-6765-4170-8362-240BA4D2EE6F}.AppStore|ARM.ActiveCfg = Release|Any CPU
		{65E9702B-6765-4170-8362-240BA4D2EE6F}.AppStore|ARM.Build.0 = Release|Any CPU
		{65E9702B-6765-4170-8362-240BA4D2EE6F}.AppStore|ARM.Deploy.0 = Release|Any CPU
		{65E9702B-6765-4170-8362-240BA4D2EE6F}.AppStore|iPhone.ActiveCfg = Release|Any CPU
		{65E9702B-6765-4170-8362-240BA4D2EE6F}.AppStore|iPhone.Build.0 = Release|Any CPU
		{65E9702B-6765-4170-8362-240BA4D2EE6F}.AppStore|iPhone.Deploy.0 = Release|Any CPU
		{65E9702B-6765-4170-8362-240BA4D2EE6F}.AppStore|iPhoneSimulator.ActiveCfg = Release|Any CPU
		{65E9702B-6765-4170-8362-240BA4D2EE6F}.AppStore|iPhoneSimulator.Build.0 = Release|Any CPU
		{65E9702B-6765-4170-8362-240BA4D2EE6F}.AppStore|iPhoneSimulator.Deploy.0 = Release|Any CPU
		{65E9702B-6765-4170-8362-240BA4D2EE6F}.AppStore|x64.ActiveCfg = Release|Any CPU
		{65E9702B-6765-4170-8362-240BA4D2EE6F}.AppStore|x64.Build.0 = Release|Any CPU
		{65E9702B-6765-4170-8362-240BA4D2EE6F}.AppStore|x64.Deploy.0 = Release|Any CPU
		{65E9702B-6765-4170-8362-240BA4D2EE6F}.AppStore|x86.ActiveCfg = Release|Any CPU
		{65E9702B-6765-4170-8362-240BA4D2EE6F}.AppStore|x86.Build.0 = Release|Any CPU
		{65E9702B-6765-4170-8362-240BA4D2EE6F}.AppStore|x86.Deploy.0 = Release|Any CPU
		{65E9702B-6765-4170-8362-240BA4D2EE6F}.Debug|Any CPU.ActiveCfg = Debug|Any CPU
		{65E9702B-6765-4170-8362-240BA4D2EE6F}.Debug|Any CPU.Build.0 = Debug|Any CPU
		{65E9702B-6765-4170-8362-240BA4D2EE6F}.Debug|Any CPU.Deploy.0 = Debug|Any CPU
		{65E9702B-6765-4170-8362-240BA4D2EE6F}.Debug|ARM.ActiveCfg = Debug|Any CPU
		{65E9702B-6765-4170-8362-240BA4D2EE6F}.Debug|ARM.Build.0 = Debug|Any CPU
		{65E9702B-6765-4170-8362-240BA4D2EE6F}.Debug|ARM.Deploy.0 = Debug|Any CPU
		{65E9702B-6765-4170-8362-240BA4D2EE6F}.Debug|iPhone.ActiveCfg = Debug|Any CPU
		{65E9702B-6765-4170-8362-240BA4D2EE6F}.Debug|iPhone.Build.0 = Debug|Any CPU
		{65E9702B-6765-4170-8362-240BA4D2EE6F}.Debug|iPhone.Deploy.0 = Debug|Any CPU
		{65E9702B-6765-4170-8362-240BA4D2EE6F}.Debug|iPhoneSimulator.ActiveCfg = Debug|Any CPU
		{65E9702B-6765-4170-8362-240BA4D2EE6F}.Debug|iPhoneSimulator.Build.0 = Debug|Any CPU
		{65E9702B-6765-4170-8362-240BA4D2EE6F}.Debug|iPhoneSimulator.Deploy.0 = Debug|Any CPU
		{65E9702B-6765-4170-8362-240BA4D2EE6F}.Debug|x64.ActiveCfg = Debug|Any CPU
		{65E9702B-6765-4170-8362-240BA4D2EE6F}.Debug|x64.Build.0 = Debug|Any CPU
		{65E9702B-6765-4170-8362-240BA4D2EE6F}.Debug|x64.Deploy.0 = Debug|Any CPU
		{65E9702B-6765-4170-8362-240BA4D2EE6F}.Debug|x86.ActiveCfg = Debug|Any CPU
		{65E9702B-6765-4170-8362-240BA4D2EE6F}.Debug|x86.Build.0 = Debug|Any CPU
		{65E9702B-6765-4170-8362-240BA4D2EE6F}.Debug|x86.Deploy.0 = Debug|Any CPU
		{65E9702B-6765-4170-8362-240BA4D2EE6F}.Release|Any CPU.ActiveCfg = Release|Any CPU
		{65E9702B-6765-4170-8362-240BA4D2EE6F}.Release|Any CPU.Build.0 = Release|Any CPU
		{65E9702B-6765-4170-8362-240BA4D2EE6F}.Release|Any CPU.Deploy.0 = Release|Any CPU
		{65E9702B-6765-4170-8362-240BA4D2EE6F}.Release|ARM.ActiveCfg = Release|Any CPU
		{65E9702B-6765-4170-8362-240BA4D2EE6F}.Release|ARM.Build.0 = Release|Any CPU
		{65E9702B-6765-4170-8362-240BA4D2EE6F}.Release|ARM.Deploy.0 = Release|Any CPU
		{65E9702B-6765-4170-8362-240BA4D2EE6F}.Release|iPhone.ActiveCfg = Release|Any CPU
		{65E9702B-6765-4170-8362-240BA4D2EE6F}.Release|iPhone.Build.0 = Release|Any CPU
		{65E9702B-6765-4170-8362-240BA4D2EE6F}.Release|iPhone.Deploy.0 = Release|Any CPU
		{65E9702B-6765-4170-8362-240BA4D2EE6F}.Release|iPhoneSimulator.ActiveCfg = Release|Any CPU
		{65E9702B-6765-4170-8362-240BA4D2EE6F}.Release|iPhoneSimulator.Build.0 = Release|Any CPU
		{65E9702B-6765-4170-8362-240BA4D2EE6F}.Release|iPhoneSimulator.Deploy.0 = Release|Any CPU
		{65E9702B-6765-4170-8362-240BA4D2EE6F}.Release|x64.ActiveCfg = Release|Any CPU
		{65E9702B-6765-4170-8362-240BA4D2EE6F}.Release|x64.Build.0 = Release|Any CPU
		{65E9702B-6765-4170-8362-240BA4D2EE6F}.Release|x64.Deploy.0 = Release|Any CPU
		{65E9702B-6765-4170-8362-240BA4D2EE6F}.Release|x86.ActiveCfg = Release|Any CPU
		{65E9702B-6765-4170-8362-240BA4D2EE6F}.Release|x86.Build.0 = Release|Any CPU
		{65E9702B-6765-4170-8362-240BA4D2EE6F}.Release|x86.Deploy.0 = Release|Any CPU
		{DBE10A5B-9E88-4608-96E1-ABB73561333A}.Ad-Hoc|Any CPU.ActiveCfg = Ad-Hoc|iPhone
		{DBE10A5B-9E88-4608-96E1-ABB73561333A}.Ad-Hoc|Any CPU.Build.0 = Ad-Hoc|iPhone
		{DBE10A5B-9E88-4608-96E1-ABB73561333A}.Ad-Hoc|Any CPU.Deploy.0 = Ad-Hoc|iPhone
		{DBE10A5B-9E88-4608-96E1-ABB73561333A}.Ad-Hoc|ARM.ActiveCfg = Ad-Hoc|iPhone
		{DBE10A5B-9E88-4608-96E1-ABB73561333A}.Ad-Hoc|ARM.Build.0 = Ad-Hoc|iPhone
		{DBE10A5B-9E88-4608-96E1-ABB73561333A}.Ad-Hoc|ARM.Deploy.0 = Ad-Hoc|iPhone
		{DBE10A5B-9E88-4608-96E1-ABB73561333A}.Ad-Hoc|iPhone.ActiveCfg = Ad-Hoc|iPhone
		{DBE10A5B-9E88-4608-96E1-ABB73561333A}.Ad-Hoc|iPhone.Build.0 = Ad-Hoc|iPhone
		{DBE10A5B-9E88-4608-96E1-ABB73561333A}.Ad-Hoc|iPhone.Deploy.0 = Ad-Hoc|iPhone
		{DBE10A5B-9E88-4608-96E1-ABB73561333A}.Ad-Hoc|iPhoneSimulator.ActiveCfg = Ad-Hoc|iPhoneSimulator
		{DBE10A5B-9E88-4608-96E1-ABB73561333A}.Ad-Hoc|iPhoneSimulator.Build.0 = Ad-Hoc|iPhoneSimulator
		{DBE10A5B-9E88-4608-96E1-ABB73561333A}.Ad-Hoc|iPhoneSimulator.Deploy.0 = Ad-Hoc|iPhoneSimulator
		{DBE10A5B-9E88-4608-96E1-ABB73561333A}.Ad-Hoc|x64.ActiveCfg = Ad-Hoc|iPhone
		{DBE10A5B-9E88-4608-96E1-ABB73561333A}.Ad-Hoc|x64.Build.0 = Ad-Hoc|iPhone
		{DBE10A5B-9E88-4608-96E1-ABB73561333A}.Ad-Hoc|x64.Deploy.0 = Ad-Hoc|iPhone
		{DBE10A5B-9E88-4608-96E1-ABB73561333A}.Ad-Hoc|x86.ActiveCfg = Ad-Hoc|iPhone
		{DBE10A5B-9E88-4608-96E1-ABB73561333A}.Ad-Hoc|x86.Build.0 = Ad-Hoc|iPhone
		{DBE10A5B-9E88-4608-96E1-ABB73561333A}.Ad-Hoc|x86.Deploy.0 = Ad-Hoc|iPhone
		{DBE10A5B-9E88-4608-96E1-ABB73561333A}.AppStore|Any CPU.ActiveCfg = AppStore|iPhone
		{DBE10A5B-9E88-4608-96E1-ABB73561333A}.AppStore|Any CPU.Build.0 = AppStore|iPhone
		{DBE10A5B-9E88-4608-96E1-ABB73561333A}.AppStore|Any CPU.Deploy.0 = AppStore|iPhone
		{DBE10A5B-9E88-4608-96E1-ABB73561333A}.AppStore|ARM.ActiveCfg = AppStore|iPhone
		{DBE10A5B-9E88-4608-96E1-ABB73561333A}.AppStore|ARM.Build.0 = AppStore|iPhone
		{DBE10A5B-9E88-4608-96E1-ABB73561333A}.AppStore|ARM.Deploy.0 = AppStore|iPhone
		{DBE10A5B-9E88-4608-96E1-ABB73561333A}.AppStore|iPhone.ActiveCfg = AppStore|iPhone
		{DBE10A5B-9E88-4608-96E1-ABB73561333A}.AppStore|iPhone.Build.0 = AppStore|iPhone
		{DBE10A5B-9E88-4608-96E1-ABB73561333A}.AppStore|iPhone.Deploy.0 = AppStore|iPhone
		{DBE10A5B-9E88-4608-96E1-ABB73561333A}.AppStore|iPhoneSimulator.ActiveCfg = AppStore|iPhoneSimulator
		{DBE10A5B-9E88-4608-96E1-ABB73561333A}.AppStore|iPhoneSimulator.Build.0 = AppStore|iPhoneSimulator
		{DBE10A5B-9E88-4608-96E1-ABB73561333A}.AppStore|iPhoneSimulator.Deploy.0 = AppStore|iPhoneSimulator
		{DBE10A5B-9E88-4608-96E1-ABB73561333A}.AppStore|x64.ActiveCfg = AppStore|iPhone
		{DBE10A5B-9E88-4608-96E1-ABB73561333A}.AppStore|x64.Build.0 = AppStore|iPhone
		{DBE10A5B-9E88-4608-96E1-ABB73561333A}.AppStore|x64.Deploy.0 = AppStore|iPhone
		{DBE10A5B-9E88-4608-96E1-ABB73561333A}.AppStore|x86.ActiveCfg = AppStore|iPhone
		{DBE10A5B-9E88-4608-96E1-ABB73561333A}.AppStore|x86.Build.0 = AppStore|iPhone
		{DBE10A5B-9E88-4608-96E1-ABB73561333A}.AppStore|x86.Deploy.0 = AppStore|iPhone
		{DBE10A5B-9E88-4608-96E1-ABB73561333A}.Debug|Any CPU.ActiveCfg = Debug|iPhoneSimulator
		{DBE10A5B-9E88-4608-96E1-ABB73561333A}.Debug|Any CPU.Build.0 = Debug|iPhoneSimulator
		{DBE10A5B-9E88-4608-96E1-ABB73561333A}.Debug|Any CPU.Deploy.0 = Debug|iPhoneSimulator
		{DBE10A5B-9E88-4608-96E1-ABB73561333A}.Debug|ARM.ActiveCfg = Debug|iPhone
		{DBE10A5B-9E88-4608-96E1-ABB73561333A}.Debug|ARM.Build.0 = Debug|iPhone
		{DBE10A5B-9E88-4608-96E1-ABB73561333A}.Debug|ARM.Deploy.0 = Debug|iPhone
		{DBE10A5B-9E88-4608-96E1-ABB73561333A}.Debug|iPhone.ActiveCfg = Debug|iPhone
		{DBE10A5B-9E88-4608-96E1-ABB73561333A}.Debug|iPhone.Build.0 = Debug|iPhone
		{DBE10A5B-9E88-4608-96E1-ABB73561333A}.Debug|iPhone.Deploy.0 = Debug|iPhone
		{DBE10A5B-9E88-4608-96E1-ABB73561333A}.Debug|iPhoneSimulator.ActiveCfg = Debug|iPhoneSimulator
		{DBE10A5B-9E88-4608-96E1-ABB73561333A}.Debug|iPhoneSimulator.Build.0 = Debug|iPhoneSimulator
		{DBE10A5B-9E88-4608-96E1-ABB73561333A}.Debug|iPhoneSimulator.Deploy.0 = Debug|iPhoneSimulator
		{DBE10A5B-9E88-4608-96E1-ABB73561333A}.Debug|x64.ActiveCfg = Debug|iPhone
		{DBE10A5B-9E88-4608-96E1-ABB73561333A}.Debug|x64.Build.0 = Debug|iPhone
		{DBE10A5B-9E88-4608-96E1-ABB73561333A}.Debug|x64.Deploy.0 = Debug|iPhone
		{DBE10A5B-9E88-4608-96E1-ABB73561333A}.Debug|x86.ActiveCfg = Debug|iPhone
		{DBE10A5B-9E88-4608-96E1-ABB73561333A}.Debug|x86.Build.0 = Debug|iPhone
		{DBE10A5B-9E88-4608-96E1-ABB73561333A}.Debug|x86.Deploy.0 = Debug|iPhone
		{DBE10A5B-9E88-4608-96E1-ABB73561333A}.Release|Any CPU.ActiveCfg = Release|iPhone
		{DBE10A5B-9E88-4608-96E1-ABB73561333A}.Release|Any CPU.Build.0 = Release|iPhone
		{DBE10A5B-9E88-4608-96E1-ABB73561333A}.Release|Any CPU.Deploy.0 = Release|iPhone
		{DBE10A5B-9E88-4608-96E1-ABB73561333A}.Release|ARM.ActiveCfg = Release|iPhone
		{DBE10A5B-9E88-4608-96E1-ABB73561333A}.Release|ARM.Build.0 = Release|iPhone
		{DBE10A5B-9E88-4608-96E1-ABB73561333A}.Release|ARM.Deploy.0 = Release|iPhone
		{DBE10A5B-9E88-4608-96E1-ABB73561333A}.Release|iPhone.ActiveCfg = Release|iPhone
		{DBE10A5B-9E88-4608-96E1-ABB73561333A}.Release|iPhone.Build.0 = Release|iPhone
		{DBE10A5B-9E88-4608-96E1-ABB73561333A}.Release|iPhone.Deploy.0 = Release|iPhone
		{DBE10A5B-9E88-4608-96E1-ABB73561333A}.Release|iPhoneSimulator.ActiveCfg = Release|iPhoneSimulator
		{DBE10A5B-9E88-4608-96E1-ABB73561333A}.Release|iPhoneSimulator.Build.0 = Release|iPhoneSimulator
		{DBE10A5B-9E88-4608-96E1-ABB73561333A}.Release|iPhoneSimulator.Deploy.0 = Release|iPhoneSimulator
		{DBE10A5B-9E88-4608-96E1-ABB73561333A}.Release|x64.ActiveCfg = Release|iPhone
		{DBE10A5B-9E88-4608-96E1-ABB73561333A}.Release|x64.Build.0 = Release|iPhone
		{DBE10A5B-9E88-4608-96E1-ABB73561333A}.Release|x64.Deploy.0 = Release|iPhone
		{DBE10A5B-9E88-4608-96E1-ABB73561333A}.Release|x86.ActiveCfg = Release|iPhone
		{DBE10A5B-9E88-4608-96E1-ABB73561333A}.Release|x86.Build.0 = Release|iPhone
		{DBE10A5B-9E88-4608-96E1-ABB73561333A}.Release|x86.Deploy.0 = Release|iPhone
		{3E0A198F-E5D4-48DA-8966-C3AACA649798}.Ad-Hoc|Any CPU.ActiveCfg = Release|x86
		{3E0A198F-E5D4-48DA-8966-C3AACA649798}.Ad-Hoc|Any CPU.Build.0 = Release|x86
		{3E0A198F-E5D4-48DA-8966-C3AACA649798}.Ad-Hoc|Any CPU.Deploy.0 = Release|x86
		{3E0A198F-E5D4-48DA-8966-C3AACA649798}.Ad-Hoc|ARM.ActiveCfg = Release|ARM
		{3E0A198F-E5D4-48DA-8966-C3AACA649798}.Ad-Hoc|ARM.Build.0 = Release|ARM
		{3E0A198F-E5D4-48DA-8966-C3AACA649798}.Ad-Hoc|ARM.Deploy.0 = Release|ARM
		{3E0A198F-E5D4-48DA-8966-C3AACA649798}.Ad-Hoc|iPhone.ActiveCfg = Release|x86
		{3E0A198F-E5D4-48DA-8966-C3AACA649798}.Ad-Hoc|iPhone.Build.0 = Release|x86
		{3E0A198F-E5D4-48DA-8966-C3AACA649798}.Ad-Hoc|iPhone.Deploy.0 = Release|x86
		{3E0A198F-E5D4-48DA-8966-C3AACA649798}.Ad-Hoc|iPhoneSimulator.ActiveCfg = Release|x86
		{3E0A198F-E5D4-48DA-8966-C3AACA649798}.Ad-Hoc|iPhoneSimulator.Build.0 = Release|x86
		{3E0A198F-E5D4-48DA-8966-C3AACA649798}.Ad-Hoc|iPhoneSimulator.Deploy.0 = Release|x86
		{3E0A198F-E5D4-48DA-8966-C3AACA649798}.Ad-Hoc|x64.ActiveCfg = Release|x64
		{3E0A198F-E5D4-48DA-8966-C3AACA649798}.Ad-Hoc|x64.Build.0 = Release|x64
		{3E0A198F-E5D4-48DA-8966-C3AACA649798}.Ad-Hoc|x64.Deploy.0 = Release|x64
		{3E0A198F-E5D4-48DA-8966-C3AACA649798}.Ad-Hoc|x86.ActiveCfg = Release|x86
		{3E0A198F-E5D4-48DA-8966-C3AACA649798}.Ad-Hoc|x86.Build.0 = Release|x86
		{3E0A198F-E5D4-48DA-8966-C3AACA649798}.Ad-Hoc|x86.Deploy.0 = Release|x86
		{3E0A198F-E5D4-48DA-8966-C3AACA649798}.AppStore|Any CPU.ActiveCfg = Release|x86
		{3E0A198F-E5D4-48DA-8966-C3AACA649798}.AppStore|Any CPU.Build.0 = Release|x86
		{3E0A198F-E5D4-48DA-8966-C3AACA649798}.AppStore|Any CPU.Deploy.0 = Release|x86
		{3E0A198F-E5D4-48DA-8966-C3AACA649798}.AppStore|ARM.ActiveCfg = Release|ARM
		{3E0A198F-E5D4-48DA-8966-C3AACA649798}.AppStore|ARM.Build.0 = Release|ARM
		{3E0A198F-E5D4-48DA-8966-C3AACA649798}.AppStore|ARM.Deploy.0 = Release|ARM
		{3E0A198F-E5D4-48DA-8966-C3AACA649798}.AppStore|iPhone.ActiveCfg = Release|x86
		{3E0A198F-E5D4-48DA-8966-C3AACA649798}.AppStore|iPhone.Build.0 = Release|x86
		{3E0A198F-E5D4-48DA-8966-C3AACA649798}.AppStore|iPhone.Deploy.0 = Release|x86
		{3E0A198F-E5D4-48DA-8966-C3AACA649798}.AppStore|iPhoneSimulator.ActiveCfg = Release|x86
		{3E0A198F-E5D4-48DA-8966-C3AACA649798}.AppStore|iPhoneSimulator.Build.0 = Release|x86
		{3E0A198F-E5D4-48DA-8966-C3AACA649798}.AppStore|iPhoneSimulator.Deploy.0 = Release|x86
		{3E0A198F-E5D4-48DA-8966-C3AACA649798}.AppStore|x64.ActiveCfg = Release|x64
		{3E0A198F-E5D4-48DA-8966-C3AACA649798}.AppStore|x64.Build.0 = Release|x64
		{3E0A198F-E5D4-48DA-8966-C3AACA649798}.AppStore|x64.Deploy.0 = Release|x64
		{3E0A198F-E5D4-48DA-8966-C3AACA649798}.AppStore|x86.ActiveCfg = Release|x86
		{3E0A198F-E5D4-48DA-8966-C3AACA649798}.AppStore|x86.Build.0 = Release|x86
		{3E0A198F-E5D4-48DA-8966-C3AACA649798}.AppStore|x86.Deploy.0 = Release|x86
		{3E0A198F-E5D4-48DA-8966-C3AACA649798}.Debug|Any CPU.ActiveCfg = Debug|x86
		{3E0A198F-E5D4-48DA-8966-C3AACA649798}.Debug|Any CPU.Build.0 = Debug|x86
		{3E0A198F-E5D4-48DA-8966-C3AACA649798}.Debug|Any CPU.Deploy.0 = Debug|x86
		{3E0A198F-E5D4-48DA-8966-C3AACA649798}.Debug|ARM.ActiveCfg = Debug|ARM
		{3E0A198F-E5D4-48DA-8966-C3AACA649798}.Debug|ARM.Build.0 = Debug|ARM
		{3E0A198F-E5D4-48DA-8966-C3AACA649798}.Debug|ARM.Deploy.0 = Debug|ARM
		{3E0A198F-E5D4-48DA-8966-C3AACA649798}.Debug|iPhone.ActiveCfg = Debug|x86
		{3E0A198F-E5D4-48DA-8966-C3AACA649798}.Debug|iPhone.Build.0 = Debug|x86
		{3E0A198F-E5D4-48DA-8966-C3AACA649798}.Debug|iPhone.Deploy.0 = Debug|x86
		{3E0A198F-E5D4-48DA-8966-C3AACA649798}.Debug|iPhoneSimulator.ActiveCfg = Debug|x86
		{3E0A198F-E5D4-48DA-8966-C3AACA649798}.Debug|iPhoneSimulator.Build.0 = Debug|x86
		{3E0A198F-E5D4-48DA-8966-C3AACA649798}.Debug|iPhoneSimulator.Deploy.0 = Debug|x86
		{3E0A198F-E5D4-48DA-8966-C3AACA649798}.Debug|x64.ActiveCfg = Debug|x64
		{3E0A198F-E5D4-48DA-8966-C3AACA649798}.Debug|x64.Build.0 = Debug|x64
		{3E0A198F-E5D4-48DA-8966-C3AACA649798}.Debug|x64.Deploy.0 = Debug|x64
		{3E0A198F-E5D4-48DA-8966-C3AACA649798}.Debug|x86.ActiveCfg = Debug|x86
		{3E0A198F-E5D4-48DA-8966-C3AACA649798}.Debug|x86.Build.0 = Debug|x86
		{3E0A198F-E5D4-48DA-8966-C3AACA649798}.Debug|x86.Deploy.0 = Debug|x86
		{3E0A198F-E5D4-48DA-8966-C3AACA649798}.Release|Any CPU.ActiveCfg = Release|x86
		{3E0A198F-E5D4-48DA-8966-C3AACA649798}.Release|Any CPU.Build.0 = Release|x86
		{3E0A198F-E5D4-48DA-8966-C3AACA649798}.Release|Any CPU.Deploy.0 = Release|x86
		{3E0A198F-E5D4-48DA-8966-C3AACA649798}.Release|ARM.ActiveCfg = Release|ARM
		{3E0A198F-E5D4-48DA-8966-C3AACA649798}.Release|ARM.Build.0 = Release|ARM
		{3E0A198F-E5D4-48DA-8966-C3AACA649798}.Release|ARM.Deploy.0 = Release|ARM
		{3E0A198F-E5D4-48DA-8966-C3AACA649798}.Release|iPhone.ActiveCfg = Release|x86
		{3E0A198F-E5D4-48DA-8966-C3AACA649798}.Release|iPhone.Build.0 = Release|x86
		{3E0A198F-E5D4-48DA-8966-C3AACA649798}.Release|iPhone.Deploy.0 = Release|x86
		{3E0A198F-E5D4-48DA-8966-C3AACA649798}.Release|iPhoneSimulator.ActiveCfg = Release|x86
		{3E0A198F-E5D4-48DA-8966-C3AACA649798}.Release|iPhoneSimulator.Build.0 = Release|x86
		{3E0A198F-E5D4-48DA-8966-C3AACA649798}.Release|iPhoneSimulator.Deploy.0 = Release|x86
		{3E0A198F-E5D4-48DA-8966-C3AACA649798}.Release|x64.ActiveCfg = Release|x64
		{3E0A198F-E5D4-48DA-8966-C3AACA649798}.Release|x64.Build.0 = Release|x64
		{3E0A198F-E5D4-48DA-8966-C3AACA649798}.Release|x64.Deploy.0 = Release|x64
		{3E0A198F-E5D4-48DA-8966-C3AACA649798}.Release|x86.ActiveCfg = Release|x86
		{3E0A198F-E5D4-48DA-8966-C3AACA649798}.Release|x86.Build.0 = Release|x86
		{3E0A198F-E5D4-48DA-8966-C3AACA649798}.Release|x86.Deploy.0 = Release|x86
		{82C9EC0D-D69A-4D8D-BF9C-3539ADDDE5E2}.Ad-Hoc|Any CPU.ActiveCfg = Debug|Any CPU
		{82C9EC0D-D69A-4D8D-BF9C-3539ADDDE5E2}.Ad-Hoc|Any CPU.Build.0 = Debug|Any CPU
		{82C9EC0D-D69A-4D8D-BF9C-3539ADDDE5E2}.Ad-Hoc|Any CPU.Deploy.0 = Debug|Any CPU
		{82C9EC0D-D69A-4D8D-BF9C-3539ADDDE5E2}.Ad-Hoc|ARM.ActiveCfg = Debug|Any CPU
		{82C9EC0D-D69A-4D8D-BF9C-3539ADDDE5E2}.Ad-Hoc|ARM.Build.0 = Debug|Any CPU
		{82C9EC0D-D69A-4D8D-BF9C-3539ADDDE5E2}.Ad-Hoc|ARM.Deploy.0 = Debug|Any CPU
		{82C9EC0D-D69A-4D8D-BF9C-3539ADDDE5E2}.Ad-Hoc|iPhone.ActiveCfg = Debug|Any CPU
		{82C9EC0D-D69A-4D8D-BF9C-3539ADDDE5E2}.Ad-Hoc|iPhone.Build.0 = Debug|Any CPU
		{82C9EC0D-D69A-4D8D-BF9C-3539ADDDE5E2}.Ad-Hoc|iPhone.Deploy.0 = Debug|Any CPU
		{82C9EC0D-D69A-4D8D-BF9C-3539ADDDE5E2}.Ad-Hoc|iPhoneSimulator.ActiveCfg = Debug|Any CPU
		{82C9EC0D-D69A-4D8D-BF9C-3539ADDDE5E2}.Ad-Hoc|iPhoneSimulator.Build.0 = Debug|Any CPU
		{82C9EC0D-D69A-4D8D-BF9C-3539ADDDE5E2}.Ad-Hoc|iPhoneSimulator.Deploy.0 = Debug|Any CPU
		{82C9EC0D-D69A-4D8D-BF9C-3539ADDDE5E2}.Ad-Hoc|x64.ActiveCfg = Debug|Any CPU
		{82C9EC0D-D69A-4D8D-BF9C-3539ADDDE5E2}.Ad-Hoc|x64.Build.0 = Debug|Any CPU
		{82C9EC0D-D69A-4D8D-BF9C-3539ADDDE5E2}.Ad-Hoc|x64.Deploy.0 = Debug|Any CPU
		{82C9EC0D-D69A-4D8D-BF9C-3539ADDDE5E2}.Ad-Hoc|x86.ActiveCfg = Debug|Any CPU
		{82C9EC0D-D69A-4D8D-BF9C-3539ADDDE5E2}.Ad-Hoc|x86.Build.0 = Debug|Any CPU
		{82C9EC0D-D69A-4D8D-BF9C-3539ADDDE5E2}.Ad-Hoc|x86.Deploy.0 = Debug|Any CPU
		{82C9EC0D-D69A-4D8D-BF9C-3539ADDDE5E2}.AppStore|Any CPU.ActiveCfg = Debug|Any CPU
		{82C9EC0D-D69A-4D8D-BF9C-3539ADDDE5E2}.AppStore|Any CPU.Build.0 = Debug|Any CPU
		{82C9EC0D-D69A-4D8D-BF9C-3539ADDDE5E2}.AppStore|Any CPU.Deploy.0 = Debug|Any CPU
		{82C9EC0D-D69A-4D8D-BF9C-3539ADDDE5E2}.AppStore|ARM.ActiveCfg = Debug|Any CPU
		{82C9EC0D-D69A-4D8D-BF9C-3539ADDDE5E2}.AppStore|ARM.Build.0 = Debug|Any CPU
		{82C9EC0D-D69A-4D8D-BF9C-3539ADDDE5E2}.AppStore|ARM.Deploy.0 = Debug|Any CPU
		{82C9EC0D-D69A-4D8D-BF9C-3539ADDDE5E2}.AppStore|iPhone.ActiveCfg = Debug|Any CPU
		{82C9EC0D-D69A-4D8D-BF9C-3539ADDDE5E2}.AppStore|iPhone.Build.0 = Debug|Any CPU
		{82C9EC0D-D69A-4D8D-BF9C-3539ADDDE5E2}.AppStore|iPhone.Deploy.0 = Debug|Any CPU
		{82C9EC0D-D69A-4D8D-BF9C-3539ADDDE5E2}.AppStore|iPhoneSimulator.ActiveCfg = Debug|Any CPU
		{82C9EC0D-D69A-4D8D-BF9C-3539ADDDE5E2}.AppStore|iPhoneSimulator.Build.0 = Debug|Any CPU
		{82C9EC0D-D69A-4D8D-BF9C-3539ADDDE5E2}.AppStore|iPhoneSimulator.Deploy.0 = Debug|Any CPU
		{82C9EC0D-D69A-4D8D-BF9C-3539ADDDE5E2}.AppStore|x64.ActiveCfg = Debug|Any CPU
		{82C9EC0D-D69A-4D8D-BF9C-3539ADDDE5E2}.AppStore|x64.Build.0 = Debug|Any CPU
		{82C9EC0D-D69A-4D8D-BF9C-3539ADDDE5E2}.AppStore|x64.Deploy.0 = Debug|Any CPU
		{82C9EC0D-D69A-4D8D-BF9C-3539ADDDE5E2}.AppStore|x86.ActiveCfg = Debug|Any CPU
		{82C9EC0D-D69A-4D8D-BF9C-3539ADDDE5E2}.AppStore|x86.Build.0 = Debug|Any CPU
		{82C9EC0D-D69A-4D8D-BF9C-3539ADDDE5E2}.AppStore|x86.Deploy.0 = Debug|Any CPU
		{82C9EC0D-D69A-4D8D-BF9C-3539ADDDE5E2}.Debug|Any CPU.ActiveCfg = Debug|Any CPU
		{82C9EC0D-D69A-4D8D-BF9C-3539ADDDE5E2}.Debug|Any CPU.Build.0 = Debug|Any CPU
		{82C9EC0D-D69A-4D8D-BF9C-3539ADDDE5E2}.Debug|Any CPU.Deploy.0 = Debug|Any CPU
		{82C9EC0D-D69A-4D8D-BF9C-3539ADDDE5E2}.Debug|ARM.ActiveCfg = Debug|Any CPU
		{82C9EC0D-D69A-4D8D-BF9C-3539ADDDE5E2}.Debug|ARM.Build.0 = Debug|Any CPU
		{82C9EC0D-D69A-4D8D-BF9C-3539ADDDE5E2}.Debug|ARM.Deploy.0 = Debug|Any CPU
		{82C9EC0D-D69A-4D8D-BF9C-3539ADDDE5E2}.Debug|iPhone.ActiveCfg = Debug|Any CPU
		{82C9EC0D-D69A-4D8D-BF9C-3539ADDDE5E2}.Debug|iPhone.Build.0 = Debug|Any CPU
		{82C9EC0D-D69A-4D8D-BF9C-3539ADDDE5E2}.Debug|iPhone.Deploy.0 = Debug|Any CPU
		{82C9EC0D-D69A-4D8D-BF9C-3539ADDDE5E2}.Debug|iPhoneSimulator.ActiveCfg = Debug|Any CPU
		{82C9EC0D-D69A-4D8D-BF9C-3539ADDDE5E2}.Debug|iPhoneSimulator.Build.0 = Debug|Any CPU
		{82C9EC0D-D69A-4D8D-BF9C-3539ADDDE5E2}.Debug|iPhoneSimulator.Deploy.0 = Debug|Any CPU
		{82C9EC0D-D69A-4D8D-BF9C-3539ADDDE5E2}.Debug|x64.ActiveCfg = Debug|Any CPU
		{82C9EC0D-D69A-4D8D-BF9C-3539ADDDE5E2}.Debug|x64.Build.0 = Debug|Any CPU
		{82C9EC0D-D69A-4D8D-BF9C-3539ADDDE5E2}.Debug|x64.Deploy.0 = Debug|Any CPU
		{82C9EC0D-D69A-4D8D-BF9C-3539ADDDE5E2}.Debug|x86.ActiveCfg = Debug|Any CPU
		{82C9EC0D-D69A-4D8D-BF9C-3539ADDDE5E2}.Debug|x86.Build.0 = Debug|Any CPU
		{82C9EC0D-D69A-4D8D-BF9C-3539ADDDE5E2}.Debug|x86.Deploy.0 = Debug|Any CPU
		{82C9EC0D-D69A-4D8D-BF9C-3539ADDDE5E2}.Release|Any CPU.ActiveCfg = Release|Any CPU
		{82C9EC0D-D69A-4D8D-BF9C-3539ADDDE5E2}.Release|Any CPU.Build.0 = Release|Any CPU
		{82C9EC0D-D69A-4D8D-BF9C-3539ADDDE5E2}.Release|Any CPU.Deploy.0 = Release|Any CPU
		{82C9EC0D-D69A-4D8D-BF9C-3539ADDDE5E2}.Release|ARM.ActiveCfg = Release|Any CPU
		{82C9EC0D-D69A-4D8D-BF9C-3539ADDDE5E2}.Release|ARM.Build.0 = Release|Any CPU
		{82C9EC0D-D69A-4D8D-BF9C-3539ADDDE5E2}.Release|ARM.Deploy.0 = Release|Any CPU
		{82C9EC0D-D69A-4D8D-BF9C-3539ADDDE5E2}.Release|iPhone.ActiveCfg = Release|Any CPU
		{82C9EC0D-D69A-4D8D-BF9C-3539ADDDE5E2}.Release|iPhone.Build.0 = Release|Any CPU
		{82C9EC0D-D69A-4D8D-BF9C-3539ADDDE5E2}.Release|iPhone.Deploy.0 = Release|Any CPU
		{82C9EC0D-D69A-4D8D-BF9C-3539ADDDE5E2}.Release|iPhoneSimulator.ActiveCfg = Release|Any CPU
		{82C9EC0D-D69A-4D8D-BF9C-3539ADDDE5E2}.Release|iPhoneSimulator.Build.0 = Release|Any CPU
		{82C9EC0D-D69A-4D8D-BF9C-3539ADDDE5E2}.Release|iPhoneSimulator.Deploy.0 = Release|Any CPU
		{82C9EC0D-D69A-4D8D-BF9C-3539ADDDE5E2}.Release|x64.ActiveCfg = Release|Any CPU
		{82C9EC0D-D69A-4D8D-BF9C-3539ADDDE5E2}.Release|x64.Build.0 = Release|Any CPU
		{82C9EC0D-D69A-4D8D-BF9C-3539ADDDE5E2}.Release|x64.Deploy.0 = Release|Any CPU
		{82C9EC0D-D69A-4D8D-BF9C-3539ADDDE5E2}.Release|x86.ActiveCfg = Release|Any CPU
		{82C9EC0D-D69A-4D8D-BF9C-3539ADDDE5E2}.Release|x86.Build.0 = Release|Any CPU
		{82C9EC0D-D69A-4D8D-BF9C-3539ADDDE5E2}.Release|x86.Deploy.0 = Release|Any CPU
	EndGlobalSection
	GlobalSection(SolutionProperties) = preSolution
		HideSolutionNode = FALSE
	EndGlobalSection
	GlobalSection(ExtensibilityGlobals) = postSolution
		SolutionGuid = {E4D0565B-1E20-4D91-B2D1-529AD96A57B1}
	EndGlobalSection
EndGlobal
